
Microsoft Visual Studio Solution File, Format Version 12.00
# Visual Studio 2012
Project("{FAE04EC0-301F-11D3-BF4B-00C04F79EFBC}") = "SqlDeltaGenerator", "SqlDeltaGenerator\SqlDeltaGenerator.csproj", "{CFD6C58B-B7AF-48DC-9DDC-70FFD024025E}"
EndProject
Global
	GlobalSection(SolutionConfigurationPlatforms) = preSolution
		Debug|Any CPU = Debug|Any CPU
		Release|Any CPU = Release|Any CPU
	EndGlobalSection
	GlobalSection(ProjectConfigurationPlatforms) = postSolution
		{CFD6C58B-B7AF-48DC-9DDC-70FFD024025E}.Debug|Any CPU.ActiveCfg = Debug|Any CPU
		{CFD6C58B-B7AF-48DC-9DDC-70FFD024025E}.Debug|Any CPU.Build.0 = Debug|Any CPU
		{CFD6C58B-B7AF-48DC-9DDC-70FFD024025E}.Release|Any CPU.ActiveCfg = Release|Any CPU
		{CFD6C58B-B7AF-48DC-9DDC-70FFD024025E}.Release|Any CPU.Build.0 = Release|Any CPU
	EndGlobalSection
	GlobalSection(SolutionProperties) = preSolution
		HideSolutionNode = FALSE
	EndGlobalSection
EndGlobal
